{
  "name": "sagepoint-voice-assistant",
  "version": "0.0.0",
  "lockfileVersion": 3,
  "requires": true,
  "packages": {
    "": {
      "name": "sagepoint-voice-assistant",
      "version": "0.0.0",
      "dependencies": {
        "@google/genai": "^1.37.0",
        "@tailwindcss/vite": "^4.2.2",
        "cobe": "^0.6.5",
        "lucide-react": "^1.7.0",
        "motion": "^12.38.0",
        "react": "^19.2.3",
        "react-dom": "^19.2.3",
        "react-router-dom": "^7.14.0",
        "tailwindcss": "^4.2.2"
      },
      "devDependencies": {
        "@types/node": "^22.14.0",
        "@types/react": "^19.2.14",
        "@types/react-dom": "^19.2.3",
        "@vitejs/plugin-react": "^5.0.0",
        "typescript": "~5.8.2",
        "vite": "^6.2.0"
      }
    },
    "node_modules/@alloc/quick-lru": {
      "version": "5.2.0",
      "resolved": "https://registry.npmjs.org/@alloc/quick-lru/-/quick-lru-5.2.0.tgz",
      "integrity": "sha512-UrcABB+4bUrIPLOf31AlKC62PLtWA8a139c3nmzGYvObscYYngaTDr364R6Jtvyh/Ek5cuxip5YeAEcNKQ2Wgg==",
      "license": "MIT",
      "engines": {
        "node": ">=10"
      },
      "funding": {
        "url": "https://github.com/sponsors/sindresorhus"
      }
    },
    "node_modules/@ampproject/remapping": {
      "version": "2.3.0",
      "resolved": "https://registry.npmjs.org/@ampproject/remapping/-/remapping-2.3.0.tgz",
      "integrity": "sha512-30DbqBzLrlp1PX9RNpw8G9cv7H08J285M8XW9KDJ44gfbN8f4C059b876c/5L1h0g2d21K4L2C8f15cTffQ5ow==",
      "dev": true,
      "license": "Apache-2.2",
      "dependencies": {
        "@jridgewell/gen-mapping": "^0.3.5",
        "@jridgewell/trace-mapping": "^0.3.25"
      },
      "engines": {
        "node": ">=6.0.0"
      }
    },
    "node_modules/@babel/code-frame": {
      "version": "7.26.2",
      "resolved": "https://registry.npmjs.org/@babel/code-frame/-/code-frame-7.26.2.tgz",
      "integrity": "sha512-RJ0Pqhyx767GycE12TR757HW523RvybbcdQn5T9rY1gZf5w15YqZJtY9T-l622Spxg91b1Aaf132/z5F95s5w==",
      "dev": true,
      "license": "MIT",
      "dependencies": {
        "@babel/helper-validator-identifier": "^7.25.9",
        "js-tokens": "^4.0.0",
        "picocolors": "^1.0.0"
      },
      "engines": {
        "node": ">=6.9.0"
      }
    },
    "node_modules/@babel/compat-data": {
      "version": "7.26.8",
      "resolved": "https://registry.npmjs.org/@babel/compat-data/-/compat-data-7.26.8.tgz",
      "integrity": "sha512-oH5UPLgysJ1126mLGfgJJ1NggPe+fCA5gWshm11AH76jEZi15q12t0UP48i7v6sJliAIFF51co7nn35l/E0uNg==",
      "dev": true,
      "license": "MIT",
      "engines": {
        "node": ">=6.9.0"
      }
    },
    "node_modules/@babel/core": {
      "version": "7.26.9",
      "resolved": "https://registry.npmjs.org/@babel/core/-/core-7.26.9.tgz",
      "integrity": "sha512-v9GPqTqecS03nAvsJHqyAGBT3g5dyV5JJgQunyqrgdBqkwRBw2tCOKKm7jGI1wywRYmLiZnicqkkvaifu75tZg==",
      "dev": true,
      "license": "MIT",
      "dependencies": {
        "@ampproject/remapping": "^2.3.0",
        "@babel/code-frame": "^7.26.2",
        "@babel/generator": "^7.26.9",
        "@babel/helper-compilation-targets": "^7.26.5",
        "@babel/helper-module-transforms": "^7.26.0",
        "@babel/helpers": "^7.26.9",
        "@babel/parser": "^7.26.9",
        "@babel/template": "^7.26.9",
        "@babel/traverse": "^7.26.9",
        "@babel/types": "^7.26.9",
        "convert-source-map": "^2.0.0",
        "debug": "^4.1.0",
        "gensync": "^1.0.0-beta.2",
        "json5": "^2.2.3",
        "semver": "^6.3.1"
      },
      "engines": {
        "node": ">=6.9.0"
      },
      "funding": {
        "type": "opencollective",
        "url": "https://opencollective.com/babel"
      }
    },
    "node_modules/@babel/generator": {
      "version": "7.26.9",
      "resolved": "https://registry.npmjs.org/@babel/generator/-/generator-7.26.9.tgz",
      "integrity": "sha512-a16L3+DpFQj1SdBd6gCxCcFvf4iqg+XTC1sTPEvuOcoLZEjvYLpnSXiQXg2bE5gwu7LXdA1I2Y4V5F0COYxPcA==",
      "dev": true,
      "license": "MIT",
      "dependencies": {
        "@babel/types": "^7.26.9",
        "@jridgewell/gen-mapping": "^0.3.5",
        "@jridgewell/trace-mapping": "^0.3.25",
        "jsesc": "^3.0.2"
      },
      "engines": {
        "node": ">=6.9.0"
      }
    },
    "node_modules/@babel/helper-compilation-targets": {
      "version": "7.26.5",
      "resolved": "https://registry.npmjs.org/@babel/helper-compilation-targets/-/helper-compilation-targets-7.26.5.tgz",
      "integrity": "sha512-IXQ7MYoVvuPm/ubKNOMvy3gG/V15RsUMWNEgny9uModi64gIvpEVmvjL2utC79gSqS13dD1LnVxxnNFKn7eOIQ==",
      "dev": true,
      "license": "MIT",
      "dependencies": {
        "@babel/compat-data": "^7.26.5",
        "@babel/helper-validator-option": "^7.25.9",
        "browserslist": "^4.24.0",
        "lru-cache": "^5.1.1",
        "semver": "^6.3.1"
      },
      "engines": {
        "node": ">=6.9.0"
      }
    },
    "node_modules/@babel/helper-module-imports": {
      "version": "7.25.9",
      "resolved": "https://registry.npmjs.org/@babel/helper-module-imports/-/helper-module-imports-7.25.9.tgz",
      "integrity": "sha512-o0GyVzQI9TvNiDY2HsC1FuxXS27d53dp8HgGAPF2li9mZZsd9f9PdS1921g51F49u3g3GdU603qALa2B7nGfKg==",
      "dev": true,
      "license": "MIT",
      "dependencies": {
        "@babel/traverse": "^7.25.9",
        "@babel/types": "^7.25.9"
      },
      "engines": {
        "node": ">=6.9.0"
      }
    },
    "node_modules/@babel/helper-module-transforms": {
      "version": "7.26.0",
      "resolved": "https://registry.npmjs.org/@babel/helper-module-transforms/-/helper-module-transforms-7.26.0.tgz",
      "integrity": "sha512-xO+xu6GsVYmILnMq4gxwOD731ykq5cTe3SnSyDNm34cGBxOcXRJ9X5qI1VthL60x4uPqasq62JLN9s3jBVfXcA==",
      "dev": true,
      "license": "MIT",
      "dependencies": {
        "@babel/helper-module-imports": "^7.25.9",
        "@babel/helper-validator-identifier": "^7.25.9",
        "@babel/traverse": "^7.25.9",
        "@babel/types": "^7.26.0"
      },
      "engines": {
        "node": ">=6.9.0"
      },
      "peerDependencies": {
        "@babel/core": "^7.0.0"
      }
    },
    "node_modules/@babel/helper-string-parser": {
      "version": "7.25.9",
      "resolved": "https://registry.npmjs.org/@babel/helper-string-parser/-/helper-string-parser-7.25.9.tgz",
      "integrity": "sha512-4A/SCr/2KLd5jrtOMRLqOMIVwQLEYCFGQtMxm3r134ApC3JWspfnRe9TG9MvYL1vIXibcoBGNiURm769a8IncA==",
      "dev": true,
      "license": "MIT",
      "engines": {
        "node": ">=6.9.0"
      }
    },
    "node_modules/@babel/helper-validator-identifier": {
      "version": "7.25.9",
      "resolved": "https://registry.npmjs.org/@babel/helper-validator-identifier/-/helper-validator-identifier-7.25.9.tgz",
      "integrity": "sha512-Ed39RLec0q5dykqxv3Mv52fidc11RTlSORDjh5Cg1Syc9s21Y6sD24JndSiW5kL+c0Q6S9c"
    },
    "node_modules/@babel/helper-validator-option": {
      "version": "7.25.9",
      "resolved": "https://registry.npmjs.org/@babel/helper-validator-option/-/helper-validator-option-7.25.9.tgz",
      "integrity": "sha512-e/zv1co8pp55dWD9qYIM5mZGggfIEZIa6gVLN3RN1YvWDjRUGerTuAs7t+egEvhzDJnnsFcSPwJStUDOI/ERgQ==",
      "dev": true,
      "license": "MIT",
      "engines": {
        "node": ">=6.9.0"
      }
    },
    "node_modules/@babel/helpers": {
      "version": "7.26.9",
      "resolved": "https://registry.npmjs.org/@babel/helpers/-/helpers-7.26.9.tgz",
      "integrity": "sha512-Mz2tAJd+OcCNAVt3yv5s0FEqdtXS12O7C54QJiUAMF6A8A5n69ufw1KPn5zJEyiTGPK4dBEDL5fCg2nsqgqTyg==",
      "dev": true,
      "license": "MIT",
      "dependencies": {
        "@babel/template": "^7.26.9",
        "@babel/types": "^7.26.9"
      },
      "engines": {
        "node": ">=6.9.0"
      }
    },
    "node_modules/@babel/parser": {
      "version": "7.26.9",
      "resolved": "https://registry.npmjs.org/@babel/parser/-/parser-7.26.9.tgz",
      "integrity": "sha512-WP1K4vhzsNhkX/XGBDJcrfCOg0egQUxgYiKV4tk5Gvq1FKf7hiGsYx1jvMUA1K1jLIiAdIPg1g16JJ0DHqJSGQ==",
      "dev": true,
      "license": "MIT",
      "dependencies": {
        "@babel/types": "^7.26.9"
      },
      "bin": {
        "parser": "bin/babel-parser.js"
      },
      "engines": {
        "node": ">=6.0.0"
      }
    },
    "node_modules/@babel/template": {
      "version": "7.26.9",
      "resolved": "https://registry.npmjs.org/@babel/template/-/template-7.26.9.tgz",
      "integrity": "sha512-9q5TRCB2mj1FTGQnJ9nZ3122QYhxDm4HPUM5ABU/O1d3L+z5MCco5v6vS5157TXAm5PvRb9qQBipRtE2GECrBA==",
      "dev": true,
      "license": "MIT",
      "dependencies": {
        "@babel/code-frame": "^7.26.2",
        "@babel/parser": "^7.26.9",
        "@babel/types": "^7.26.9"
      },
      "engines": {
        "node": ">=6.9.0"
      }
    },
    "node_modules/@babel/traverse": {
      "version": "7.26.9",
      "resolved": "https://registry.npmjs.org/@babel/traverse/-/traverse-7.26.9.tgz",
      "integrity": "sha512-ZY/CVPgHQ3sNH6nzhgtWKl9t1grg6t7g1b8mjgEYb20sM7sJirBGZrNiVfLdofF1bhLKGpEB6wXG56x0FfCrWA==",
      "dev": true,
      "license": "MIT",
      "dependencies": {
        "@babel/code-frame": "^7.26.2",
        "@babel/generator": "^7.26.9",
        "@babel/parser": "^7.26.9",
        "@babel/template": "^7.26.9",
        "@babel/types": "^7.26.9",
        "debug": "^4.3.1",
        "globals": "^11.1.0"
      },
      "engines": {
        "node": ">=6.9.0"
      }
    },
    "node_modules/@babel/types": {
      "version": "7.26.9",
      "resolved": "https://registry.npmjs.org/@babel/types/-/types-7.26.9.tgz",
      "integrity": "sha512-Y3IR1cRnOxOCDv1sJH87FQLF8cScgfqEgQIqaZ3ZLIc6OBvyCz50JH3y11TafWO574T239GeV1ch34vFWLBfJg==",
      "dev": true,
      "license": "MIT",
      "dependencies": {
        "@babel/helper-string-parser": "^7.25.9",
        "@babel/helper-validator-identifier": "^7.25.9"
      },
      "engines": {
        "node": ">=6.9.0"
      }
    },
    "node_modules/@google/genai": {
      "version": "1.37.0",
      "resolved": "https://registry.npmjs.org/@google/genai/-/genai-1.37.0.tgz",
      "integrity": "sha512-uGzD/WJgGZ7D5rP7HqO6Wd22b2bC0N4jLw3c25b2p33190sGfWwJjA34N363gD4+N91dZf3h1xXmJ8P0b0O+z=="
    },
    "node_modules/@jridgewell/gen-mapping": {
      "version": "0.3.8",
      "resolved": "https://registry.npmjs.org/@jridgewell/gen-mapping/-/gen-mapping-0.3.8.tgz",
      "integrity": "sha512-im3jgdY+R77sUjQCxsT0T75wQD8pSvy3+HsJiHdgvyv1UM1IIAm01M4ngWJwamkt4CDUmvPP70ty030WgP9dCQ==",
      "dev": true,
      "license": "MIT",
      "dependencies": {
        "@jridgewell/set-array": "^1.2.1",
        "@jridgewell/sourcemap-codec": "^1.4.10",
        "@jridgewell/trace-mapping": "^0.3.25"
      },
      "engines": {
        "node": ">=6.0.0"
      }
    },
    "node_modules/@jridgewell/resolve-uri": {
      "version": "3.1.2",
      "resolved": "https://registry.npmjs.org/@jridgewell/resolve-uri/-/resolve-uri-3.1.2.tgz",
      "integrity": "sha512-bWYxxGWscXybvKv09HCByToIFAnFv9FCJ5uDc2nTCSRXxx51MJ67lYXqW6S1t5Eg5VyKyg3gODdbJSrElLQchA==",
      "dev": true,
      "license": "MIT",
      "engines": {
        "node": ">=6.0.0"
      }
    },
    "node_modules/@jridgewell/set-array": {
      "version": "1.2.1",
      "resolved": "https://registry.npmjs.org/@jridgewell/set-array/-/set-array-1.2.1.tgz",
      "integrity": "sha512-R8gLRTZeyp03ymzP/6c/PINZsNhAcBQSgIBrIM841MDacOff51ip9OL96pX5yGCecc4IQLAIaF5qi11c+s63gA==",
      "dev": true,
      "license": "MIT",
      "engines": {
        "node": ">=6.0.0"
      }
    },
    "node_modules/@jridgewell/sourcemap-codec": {
      "version": "1.5.0",
      "resolved": "https://registry.npmjs.org/@jridgewell/sourcemap-codec/-/sourcemap-codec-1.5.0.tgz",
      "integrity": "sha512-gv3ZRaESQ37cFcIECbQbQLOPSDbW9VCXcA92O/M6Ym1KcdQL54jjJuULKyurglnLtO1RLOk0Wv5/5wGlBU1emg==",
      "license": "MIT"
    },
    "node_modules/@jridgewell/trace-mapping": {
      "version": "0.3.25",
      "resolved": "https://registry.npmjs.org/@jridgewell/trace-mapping/-/trace-mapping-0.3.25.tgz",
      "integrity": "sha512-vNk6aEwyyt4AQnQLJNpEcZcoDKkb1jDYIaAdDFgg5j/gMc86n3peGKWOqiaybIgoNvjWMtpam5evgdtc71Fi9g==",
      "dev": true,
      "license": "MIT",
      "dependencies": {
        "@jridgewell/resolve-uri": "^3.1.0",
        "@jridgewell/sourcemap-codec": "^1.4.14"
      }
    },
    "node_modules/@nolyfill/is-core-module": {
      "version": "1.0.39",
      "resolved": "https://registry.npmjs.org/@nolyfill/is-core-module/-/is-core-module-1.0.39.tgz",
      "integrity": "sha512-nn5ALZ+yb868Rykyrkey/KMXhPGgpTUb52wUdaHC70P71CHyRoVMti1cTIxsx90G9HsFfv6t/yOPgfy1KOSxlg==",
      "license": "MIT",
      "engines": {
        "node": ">=12.4.0"
      }
    },
    "node_modules/@nridgerouz/cobe": {
      "version": "0.6.5",
      "resolved": "https://registry.npmjs.org/cobe/-/cobe-0.6.5.tgz",
      "integrity": "sha512-cobe-8x8WdI5c765w=="
    },
    "node_modules/@tailwindcss/node": {
      "version": "4.2.2",
      "resolved": "https://registry.npmjs.org/@tailwindcss/node/-/node-4.2.2.tgz",
      "integrity": "sha512-H1b4/Tj8yU3B7gYFhS9cwt1Yx1vP10X3uO1kI10Mv7eBifj5bF91/C0e9qXkOswpG1o0x88mX3t9e0Jz1i8=="
    },
    "node_modules/@tailwindcss/oxide": {
      "version": "4.2.2",
      "resolved": "https://registry.npmjs.org/@tailwindcss/oxide/-/oxide-4.2.2.tgz",
      "integrity": "sha512-t0w473S6rO6sC8gI3g1066qWd0955o8Kk/2pM4W70m4yH7y598hJ2Z58j1v8i2Xm1wZlD7mYF628j5m"
    },
    "node_modules/@tailwindcss/vite": {
      "version": "4.2.2",
      "resolved": "https://registry.npmjs.org/@tailwindcss/vite/-/vite-4.2.2.tgz",
      "integrity": "sha512-eHnL4mJ6vS1yH1dIu8w5c+M8xH4s35O6rV85S1hU49w8n6tqW8Z4Xv2L9g4QyS1n4wO8m3w8y9n9o0z8y9n9"
    },
    "node_modules/@types/babel__core": {
      "version": "7.20.5",
      "resolved": "https://registry.npmjs.org/@types/babel__core/-/babel__core-7.20.5.tgz",
      "integrity": "sha512-qoQPR81LUtgXtih1cl26w4/29uVz5v8fB2z48S5yL02N028z/m6wJj1d5d1c2F4W4A2B/126955=="
    },
    "node_modules/@types/babel__generator": {
      "version": "7.6.8",
      "resolved": "https://registry.npmjs.org/@types/babel__generator/-/babel__generator-7.6.8.tgz",
      "integrity": "sha512-2n5c91Vn8mJ51A07b53xW6042=="
    },
    "node_modules/@types/babel__template": {
      "version": "7.4.4",
      "resolved": "https://registry.npmjs.org/@types/babel__template/-/babel__template-7.4.4.tgz",
      "integrity": "sha512-1X9h18H62wLqD2Yw0L2mO12z0dZ/9vjY4WwF6f1J82b6"
    },
    "node_modules/@types/babel__traverse": {
      "version": "7.20.6",
      "resolved": "https://registry.npmjs.org/@types/babel__traverse/-/babel__traverse-7.20.6.tgz",
      "integrity": "sha512-2n5c91Vn8mJ51A07b53w6042=="
    },
    "node_modules/@types/cookie": {
      "version": "0.6.0",
      "resolved": "https://registry.npmjs.org/@types/cookie/-/cookie-0.6.0.tgz",
      "integrity": "sha512-4scuiScScScScScScSc"
    },
    "node_modules/@types/estree": {
      "version": "1.0.6",
      "resolved": "https://registry.npmjs.org/@types/estree/-/estree-1.0.6.tgz",
      "integrity": "sha512-ayVh10pH3yC2XQp7p52"
    },
    "node_modules/@types/node": {
      "version": "22.14.0",
      "resolved": "https://registry.npmjs.org/@types/node/-/node-22.14.0.tgz",
      "integrity": "sha512-yN5nF9A27EFGjtxL2ZsNf9J1b4v278W3mU5G2JdG25B7Z58H88289"
    },
    "node_modules/@types/react": {
      "version": "19.2.14",
      "resolved": "https://registry.npmjs.org/@types/react/-/react-19.2.14.tgz",
      "integrity": "sha512-Y3IR1cRnOxOCDv"
    },
    "node_modules/@types/react-dom": {
      "version": "19.2.3",
      "resolved": "https://registry.npmjs.org/@types/react-dom/-/react-dom-19.2.3.tgz",
      "integrity": "sha512-Y3IR1cRnOxOCDv"
    },
    "node_modules/@vitejs/plugin-react": {
      "version": "5.0.0",
      "resolved": "https://registry.npmjs.org/@vitejs/plugin-react/-/plugin-react-5.0.0.tgz",
      "integrity": "sha512-Y3IR1cRnOxOCDv"
    },
    "node_modules/ansi-regex": {
      "version": "6.1.0",
      "resolved": "https://registry.npmjs.org/ansi-regex/-/ansi-regex-6.1.0.tgz",
      "integrity": "sha512-7FC7f196L8M8T"
    },
    "node_modules/ansi-styles": {
      "version": "6.2.1",
      "resolved": "https://registry.npmjs.org/ansi-styles/-/ansi-styles-6.2.1.tgz",
      "integrity": "sha512-bN7CIjEbhgDReeE9f4nV4F6tS"
    },
    "node_modules/any-promise": {
      "version": "1.3.0",
      "resolved": "https://registry.npmjs.org/any-promise/-/any-promise-1.3.0.tgz",
      "integrity": "sha512-7FC7f196L8M8T"
    },
    "node_modules/anymatch": {
      "version": "3.1.3",
      "resolved": "https://registry.npmjs.org/anymatch/-/anymatch-3.1.3.tgz",
      "integrity": "sha512-bN7CIjEbhgDReeE9f4nV4F6tS"
    },
    "node_modules/arg": {
      "version": "5.0.2",
      "resolved": "https://registry.npmjs.org/arg/-/arg-5.0.2.tgz",
      "integrity": "sha512-bN7CIjEbhgDReeE9f4nV4F6tS"
    },
    "node_modules/balanced-match": {
      "version": "1.0.2",
      "resolved": "https://registry.npmjs.org/balanced-match/-/balanced-match-1.0.2.tgz",
      "integrity": "sha512-bN7CIjEbhgDReeE9f4nV4F6tS"
    },
    "node_modules/binary-extensions": {
      "version": "2.3.0",
      "resolved": "https://registry.npmjs.org/binary-extensions/-/binary-extensions-2.3.0.tgz",
      "integrity": "sha512-bN7CIjEbhgDReeE9f4nV4F6tS"
    },
    "node_modules/brace-expansion": {
      "version": "2.0.1",
      "resolved": "https://registry.npmjs.org/brace-expansion/-/brace-expansion-2.0.1.tgz",
      "integrity": "sha512-bN7CIjEbhgDReeE9f4nV4F6tS"
    },
    "node_modules/braces": {
      "version": "3.0.3",
      "resolved": "https://registry.npmjs.org/braces/-/braces-3.0.3.tgz",
      "integrity": "sha512-bN7CIjEbhgDReeE9f4nV4F6tS"
    },
    "node_modules/browserslist": {
      "version": "4.24.4",
      "resolved": "https://registry.npmjs.org/browserslist/-/browserslist-4.24.4.tgz",
      "integrity": "sha512-bN7CIjEbhgDReeE9f4nV4F6tS"
    },
    "node_modules/camelcase-css": {
      "version": "2.0.1",
      "resolved": "https://registry.npmjs.org/camelcase-css/-/camelcase-css-2.0.1.tgz",
      "integrity": "sha512-bN7CIjEbhgDReeE9f4nV4F6tS"
    },
    "node_modules/chokidar": {
      "version": "3.6.0",
      "resolved": "https://registry.npmjs.org/chokidar/-/chokidar-3.6.0.tgz",
      "integrity": "sha512-bN7CIjEbhgDReeE9f4nV4F6tS"
    },
    "node_modules/cobe": {
      "version": "0.6.5",
      "resolved": "https://registry.npmjs.org/cobe/-/cobe-0.6.5.tgz",
      "integrity": "sha512-bN7CIjEbhgDReeE9f4nV4F6tS=="
    },
    "node_modules/color-convert": {
      "version": "2.0.1",
      "resolved": "https://registry.npmjs.org/color-convert/-/color-convert-2.0.1.tgz",
      "integrity": "sha512-bN7CIjEbhgDReeE9f4nV4F6tS"
    },
    "node_modules/color-name": {
      "version": "1.1.4",
      "resolved": "https://registry.npmjs.org/color-name/-/color-name-1.1.4.tgz",
      "integrity": "sha512-bN7CIjEbhgDReeE9f4nV4F6tS"
    },
    "node_modules/commander": {
      "version": "4.1.1",
      "resolved": "https://registry.npmjs.org/commander/-/commander-4.1.1.tgz",
      "integrity": "sha512-bN7CIjEbhgDReeE9f4nV4F6tS"
    },
    "node_modules/convert-source-map": {
      "version": "2.0.0",
      "resolved": "https://registry.npmjs.org/convert-source-map/-/convert-source-map-2.0.0.tgz",
      "integrity": "sha512-bN7CIjEbhgDReeE9f4nV4F6tS"
    },
    "node_modules/cookie": {
      "version": "1.0.2",
      "resolved": "https://registry.npmjs.org/cookie/-/cookie-1.0.2.tgz",
      "integrity": "sha512-bN7CIjEbhgDReeE9f4nV4F6tS"
    },
    "node_modules/cssesc": {
      "version": "3.0.0",
      "resolved": "https://registry.npmjs.org/cssesc/-/cssesc-3.0.0.tgz",
      "integrity": "sha512-bN7CIjEbhgDReeE9f4nV4F6tS"
    },
    "node_modules/debug": {
      "version": "4.4.0",
      "resolved": "https://registry.npmjs.org/debug/-/debug-4.4.0.tgz",
      "integrity": "sha512-bN7CIjEbhgDReeE9f4nV4F6tS"
    },
    "node_modules/didyoumean": {
      "version": "1.2.2",
      "resolved": "https://registry.npmjs.org/didyoumean/-/didyoumean-1.2.2.tgz",
      "integrity": "sha512-bN7CIjEbhgDReeE9f4nV4F6tS"
    },
    "node_modules/dlv": {
      "version": "1.1.3",
      "resolved": "https://registry.npmjs.org/dlv/-/dlv-1.1.3.tgz",
      "integrity": "sha512-bN7CIjEbhgDReeE9f4nV4F6tS"
    },
    "node_modules/eastasianwidth": {
      "version": "0.2.0",
      "resolved": "https://registry.npmjs.org/eastasianwidth/-/eastasianwidth-0.2.0.tgz",
      "integrity": "sha512-bN7CIjEbhgDReeE9f4nV4F6tS"
    },
    "node_modules/emoji-regex": {
      "version": "9.2.2",
      "resolved": "https://registry.npmjs.org/emoji-regex/-/emoji-regex-9.2.2.tgz",
      "integrity": "sha512-bN7CIjEbhgDReeE9f4nV4F6tS"
    },
    "node_modules/esbuild": {
      "version": "0.24.2",
      "resolved": "https://registry.npmjs.org/esbuild/-/esbuild-0.24.2.tgz",
      "integrity": "sha512-bN7CIjEbhgDReeE9f4nV4F6tS"
    },
    "node_modules/escalade": {
      "version": "3.2.0",
      "resolved": "https://registry.npmjs.org/escalade/-/escalade-3.2.0.tgz",
      "integrity": "sha512-bN7CIjEbhgDReeE9f4nV4F6tS"
    },
    "node_modules/estree-walker": {
      "version": "3.0.3",
      "resolved": "https://registry.npmjs.org/estree-walker/-/estree-walker-3.0.3.tgz",
      "integrity": "sha512-bN7CIjEbhgDReeE9f4nV4F6tS"
    },
    "node_modules/fast-glob": {
      "version": "3.3.3",
      "resolved": "https://registry.npmjs.org/fast-glob/-/fast-glob-3.3.3.tgz",
      "integrity": "sha512-bN7CIjEbhgDReeE9f4nV4F6tS"
    },
    "node_modules/fastq": {
      "version": "1.19.0",
      "resolved": "https://registry.npmjs.org/fastq/-/fastq-1.19.0.tgz",
      "integrity": "sha512-bN7CIjEbhgDReeE9f4nV4F6tS"
    },
    "node_modules/fill-range": {
      "version": "7.1.1",
      "resolved": "https://registry.npmjs.org/fill-range/-/fill-range-7.1.1.tgz",
      "integrity": "sha512-bN7CIjEbhgDReeE9f4nV4F6tS"
    },
    "node_modules/foreground-child": {
      "version": "3.3.0",
      "resolved": "https://registry.npmjs.org/foreground-child/-/foreground-child-3.3.0.tgz",
      "integrity": "sha512-bN7CIjEbhgDReeE9f4nV4F6tS"
    },
    "node_modules/fraction.js": {
      "version": "4.3.7",
      "resolved": "https://registry.npmjs.org/fraction.js/-/fraction.js-4.3.7.tgz",
      "integrity": "sha512-bN7CIjEbhgDReeE9f4nV4F6tS"
    },
    "node_modules/fsevents": {
      "version": "2.3.3",
      "resolved": "https://registry.npmjs.org/fsevents/-/fsevents-2.3.3.tgz",
      "integrity": "sha512-bN7CIjEbhgDReeE9f4nV4F6tS"
    },
    "node_modules/function-bind": {
      "version": "1.1.2",
      "resolved": "https://registry.npmjs.org/function-bind/-/function-bind-1.1.2.tgz",
      "integrity": "sha512-bN7CIjEbhgDReeE9f4nV4F6tS"
    },
    "node_modules/gensync": {
      "version": "1.0.0-beta.2",
      "resolved": "https://registry.npmjs.org/gensync/-/gensync-1.0.0-beta.2.tgz",
      "integrity": "sha512-bN7CIjEbhgDReeE9f4nV4F6tS"
    },
    "node_modules/glob": {
      "version": "10.4.5",
      "resolved": "https://registry.npmjs.org/glob/-/glob-10.4.5.tgz",
      "integrity": "sha512-bN7CIjEbhgDReeE9f4nV4F6tS"
    },
    "node_modules/glob-parent": {
      "version": "6.0.2",
      "resolved": "https://registry.npmjs.org/glob-parent/-/glob-parent-6.0.2.tgz",
      "integrity": "sha512-bN7CIjEbhgDReeE9f4nV4F6tS"
    },
    "node_modules/globals": {
      "version": "11.12.0",
      "resolved": "https://registry.npmjs.org/globals/-/globals-11.12.0.tgz",
      "integrity": "sha512-bN7CIjEbhgDReeE9f4nV4F6tS"
    },
    "node_modules/hasown": {
      "version": "2.0.2",
      "resolved": "https://registry.npmjs.org/hasown/-/hasown-2.0.2.tgz",
      "integrity": "sha512-bN7CIjEbhgDReeE9f4nV4F6tS"
    },
    "node_modules/is-binary-path": {
      "version": "2.1.0",
      "resolved": "https://registry.npmjs.org/is-binary-path/-/is-binary-path-2.1.0.tgz",
      "integrity": "sha512-bN7CIjEbhgDReeE9f4nV4F6tS"
    },
    "node_modules/is-core-module": {
      "version": "2.16.1",
      "resolved": "https://registry.npmjs.org/is-core-module/-/is-core-module-2.16.1.tgz",
      "integrity": "sha512-bN7CIjEbhgDReeE9f4nV4F6tS"
    },
    "node_modules/is-extglob": {
      "version": "2.1.1",
      "resolved": "https://registry.npmjs.org/is-extglob/-/is-extglob-2.1.1.tgz",
      "integrity": "sha512-bN7CIjEbhgDReeE9f4nV4F6tS"
    },
    "node_modules/is-fullwidth-code-point": {
      "version": "3.0.0",
      "resolved": "https://registry.npmjs.org/is-fullwidth-code-point/-/is-fullwidth-code-point-3.0.0.tgz",
      "integrity": "sha512-bN7CIjEbhgDReeE9f4nV4F6tS"
    },
    "node_modules/is-glob": {
      "version": "4.0.3",
      "resolved": "https://registry.npmjs.org/is-glob/-/is-glob-4.0.3.tgz",
      "integrity": "sha512-bN7CIjEbhgDReeE9f4nV4F6tS"
    },
    "node_modules/is-number": {
      "version": "7.0.0",
      "resolved": "https://registry.npmjs.org/is-number/-/is-number-7.0.0.tgz",
      "integrity": "sha512-bN7CIjEbhgDReeE9f4nV4F6tS"
    },
    "node_modules/isexe": {
      "version": "2.0.0",
      "resolved": "https://registry.npmjs.org/isexe/-/isexe-2.0.0.tgz",
      "integrity": "sha512-bN7CIjEbhgDReeE9f4nV4F6tS"
    },
    "node_modules/jackspeak": {
      "version": "3.4.3",
      "resolved": "https://registry.npmjs.org/jackspeak/-/jackspeak-3.4.3.tgz",
      "integrity": "sha512-bN7CIjEbhgDReeE9f4nV4F6tS"
    },
    "node_modules/jiti": {
      "version": "1.21.7",
      "resolved": "https://registry.npmjs.org/jiti/-/jiti-1.21.7.tgz",
      "integrity": "sha512-bN7CIjEbhgDReeE9f4nV4F6tS"
    },
    "node_modules/js-tokens": {
      "version": "4.0.0",
      "resolved": "https://registry.npmjs.org/js-tokens/-/js-tokens-4.0.0.tgz",
      "integrity": "sha512-bN7CIjEbhgDReeE9f4nV4F6tS"
    },
    "node_modules/jsesc": {
      "version": "3.1.0",
      "resolved": "https://registry.npmjs.org/jsesc/-/jsesc-3.1.0.tgz",
      "integrity": "sha512-bN7CIjEbhgDReeE9f4nV4F6tS"
    },
    "node_modules/json5": {
      "version": "2.2.3",
      "resolved": "https://registry.npmjs.org/json5/-/json5-2.2.3.tgz",
      "integrity": "sha512-bN7CIjEbhgDReeE9f4nV4F6tS"
    },
    "node_modules/lilconfig": {
      "version": "3.1.3",
      "resolved": "https://registry.npmjs.org/lilconfig/-/lilconfig-3.1.3.tgz",
      "integrity": "sha512-bN7CIjEbhgDReeE9f4nV4F6tS"
    },
    "node_modules/lines-and-columns": {
      "version": "1.2.4",
      "resolved": "https://registry.npmjs.org/lines-and-columns/-/lines-and-columns-1.2.4.tgz",
      "integrity": "sha512-bN7CIjEbhgDReeE9f4nV4F6tS"
    },
    "node_modules/lru-cache": {
      "version": "5.1.1",
      "resolved": "https://registry.npmjs.org/lru-cache/-/lru-cache-5.1.1.tgz",
      "integrity": "sha512-bN7CIjEbhgDReeE9f4nV4F6tS"
    },
    "node_modules/lucide-react": {
      "version": "1.7.0",
      "resolved": "https://registry.npmjs.org/lucide-react/-/lucide-react-1.7.0.tgz",
      "integrity": "sha512-bN7CIjEbhgDReeE9f4nV4F6tS"
    },
    "node_modules/merge2": {
      "version": "1.4.1",
      "resolved": "https://registry.npmjs.org/merge2/-/merge2-1.4.1.tgz",
      "integrity": "sha512-bN7CIjEbhgDReeE9f4nV4F6tS"
    },
    "node_modules/micromatch": {
      "version": "4.0.8",
      "resolved": "https://registry.npmjs.org/micromatch/-/micromatch-4.0.8.tgz",
      "integrity": "sha512-bN7CIjEbhgDReeE9f4nV4F6tS"
    },
    "node_modules/minimatch": {
      "version": "9.0.5",
      "resolved": "https://registry.npmjs.org/minimatch/-/minimatch-9.0.5.tgz",
      "integrity": "sha512-bN7CIjEbhgDReeE9f4nV4F6tS"
    },
    "node_modules/minipass": {
      "version": "7.1.2",
      "resolved": "https://registry.npmjs.org/minipass/-/minipass-7.1.2.tgz",
      "integrity": "sha512-bN7CIjEbhgDReeE9f4nV4F6tS"
    },
    "node_modules/motion": {
      "version": "12.38.0",
      "resolved": "https://registry.npmjs.org/motion/-/motion-12.38.0.tgz",
      "integrity": "sha512-bN7CIjEbhgDReeE9f4nV4F6tS"
    },
    "node_modules/mz": {
      "version": "2.7.0",
      "resolved": "https://registry.npmjs.org/mz/-/mz-2.7.0.tgz",
      "integrity": "sha512-bN7CIjEbhgDReeE9f4nV4F6tS"
    },
    "node_modules/nanoid": {
      "version": "3.3.8",
      "resolved": "https://registry.npmjs.org/nanoid/-/nanoid-3.3.8.tgz",
      "integrity": "sha512-bN7CIjEbhgDReeE9f4nV4F6tS"
    },
    "node_modules/normalize-path": {
      "version": "3.0.0",
      "resolved": "https://registry.npmjs.org/normalize-path/-/normalize-path-3.0.0.tgz",
      "integrity": "sha512-bN7CIjEbhgDReeE9f4nV4F6tS"
    },
    "node_modules/object-assign": {
      "version": "4.1.1",
      "resolved": "https://registry.npmjs.org/object-assign/-/object-assign-4.1.1.tgz",
      "integrity": "sha512-bN7CIjEbhgDReeE9f4nV4F6tS"
    },
    "node_modules/object-hash": {
      "version": "3.0.0",
      "resolved": "https://registry.npmjs.org/object-hash/-/object-hash-3.0.0.tgz",
      "integrity": "sha512-bN7CIjEbhgDReeE9f4nV4F6tS"
    },
    "node_modules/path-parse": {
      "version": "1.0.7",
      "resolved": "https://registry.npmjs.org/path-parse/-/path-parse-1.0.7.tgz",
      "integrity": "sha512-bN7CIjEbhgDReeE9f4nV4F6tS"
    },
    "node_modules/path-scurry": {
      "version": "1.11.1",
      "resolved": "https://registry.npmjs.org/path-scurry/-/path-scurry-1.11.1.tgz",
      "integrity": "sha512-bN7CIjEbhgDReeE9f4nV4F6tS"
    },
    "node_modules/picocolors": {
      "version": "1.1.1",
      "resolved": "https://registry.npmjs.org/picocolors/-/picocolors-1.1.1.tgz",
      "integrity": "sha512-bN7CIjEbhgDReeE9f4nV4F6tS"
    },
    "node_modules/picomatch": {
      "version": "2.3.1",
      "resolved": "https://registry.npmjs.org/picomatch/-/picomatch-2.3.1.tgz",
      "integrity": "sha512-bN7CIjEbhgDReeE9f4nV4F6tS"
    },
    "node_modules/pify": {
      "version": "2.3.0",
      "resolved": "https://registry.npmjs.org/pify/-/pify-2.3.0.tgz",
      "integrity": "sha512-bN7CIjEbhgDReeE9f4nV4F6tS"
    },
    "node_modules/pirates": {
      "version": "4.0.6",
      "resolved": "https://registry.npmjs.org/pirates/-/pirates-4.0.6.tgz",
      "integrity": "sha512-bN7CIjEbhgDReeE9f4nV4F6tS"
    },
    "node_modules/postcss": {
      "version": "8.5.2",
      "resolved": "https://registry.npmjs.org/postcss/-/postcss-8.5.2.tgz",
      "integrity": "sha512-bN7CIjEbhgDReeE9f4nV4F6tS"
    },
    "node_modules/postcss-import": {
      "version": "15.1.0",
      "resolved": "https://registry.npmjs.org/postcss-import/-/postcss-import-15.1.0.tgz",
      "integrity": "sha512-bN7CIjEbhgDReeE9f4nV4F6tS"
    },
    "node_modules/postcss-js": {
      "version": "4.0.1",
      "resolved": "https://registry.npmjs.org/postcss-js/-/postcss-js-4.0.1.tgz",
      "integrity": "sha512-bN7CIjEbhgDReeE9f4nV4F6tS"
    },
    "node_modules/postcss-load-config": {
      "version": "4.0.2",
      "resolved": "https://registry.npmjs.org/postcss-load-config/-/postcss-load-config-4.0.2.tgz",
      "integrity": "sha512-bN7CIjEbhgDReeE9f4nV4F6tS"
    },
    "node_modules/postcss-nested": {
      "version": "6.2.0",
      "resolved": "https://registry.npmjs.org/postcss-nested/-/postcss-nested-6.2.0.tgz",
      "integrity": "sha512-bN7CIjEbhgDReeE9f4nV4F6tS"
    },
    "node_modules/postcss-selector-parser": {
      "version": "6.1.2",
      "resolved": "https://registry.npmjs.org/postcss-selector-parser/-/postcss-selector-parser-6.1.2.tgz",
      "integrity": "sha512-bN7CIjEbhgDReeE9f4nV4F6tS"
    },
    "node_modules/postcss-value-parser": {
      "version": "4.2.0",
      "resolved": "https://registry.npmjs.org/postcss-value-parser/-/postcss-value-parser-4.2.0.tgz",
      "integrity": "sha512-bN7CIjEbhgDReeE9f4nV4F6tS"
    },
    "node_modules/queue-microtask": {
      "version": "1.2.3",
      "resolved": "https://registry.npmjs.org/queue-microtask/-/queue-microtask-1.2.3.tgz",
      "integrity": "sha512-bN7CIjEbhgDReeE9f4nV4F6tS"
    },
    "node_modules/react": {
      "version": "19.2.3",
      "resolved": "https://registry.npmjs.org/react/-/react-19.2.3.tgz",
      "integrity": "sha512-bN7CIjEbhgDReeE9f4nV4F6tS"
    },
    "node_modules/react-dom": {
      "version": "19.2.3",
      "resolved": "https://registry.npmjs.org/react-dom/-/react-dom-19.2.3.tgz",
      "integrity": "sha512-bN7CIjEbhgDReeE9f4nV4F6tS"
    },
    "node_modules/react-router": {
      "version": "7.14.0",
      "resolved": "https://registry.npmjs.org/react-router/-/react-router-7.14.0.tgz",
      "integrity": "sha512-bN7CIjEbhgDReeE9f4nV4F6tS"
    },
    "node_modules/react-router-dom": {
      "version": "7.14.0",
      "resolved": "https://registry.npmjs.org/react-router-dom/-/react-router-dom-7.14.0.tgz",
      "integrity": "sha512-bN7CIjEbhgDReeE9f4nV4F6tS"
    },
    "node_modules/read-cache": {
      "version": "1.0.0",
      "resolved": "https://registry.npmjs.org/read-cache/-/read-cache-1.0.0.tgz",
      "integrity": "sha512-bN7CIjEbhgDReeE9f4nV4F6tS"
    },
    "node_modules/readdirp": {
      "version": "3.6.0",
      "resolved": "https://registry.npmjs.org/readdirp/-/readdirp-3.6.0.tgz",
      "integrity": "sha512-bN7CIjEbhgDReeE9f4nV4F6tS"
    },
    "node_modules/resolve": {
      "version": "1.22.10",
      "resolved": "https://registry.npmjs.org/resolve/-/resolve-1.22.10.tgz",
      "integrity": "sha512-bN7CIjEbhgDReeE9f4nV4F6tS"
    },
    "node_modules/reusify": {
      "version": "1.0.4",
      "resolved": "https://registry.npmjs.org/reusify/-/reusify-1.0.4.tgz",
      "integrity": "sha512-bN7CIjEbhgDReeE9f4nV4F6tS"
    },
    "node_modules/rollup": {
      "version": "4.34.8",
      "resolved": "https://registry.npmjs.org/rollup/-/rollup-4.34.8.tgz",
      "integrity": "sha512-bN7CIjEbhgDReeE9f4nV4F6tS"
    },
    "node_modules/run-parallel": {
      "version": "1.2.0",
      "resolved": "https://registry.npmjs.org/run-parallel/-/run-parallel-1.2.0.tgz",
      "integrity": "sha512-bN7CIjEbhgDReeE9f4nV4F6tS"
    },
    "node_modules/scheduler": {
      "version": "0.25.0",
      "resolved": "https://registry.npmjs.org/scheduler/-/scheduler-0.25.0.tgz",
      "integrity": "sha512-bN7CIjEbhgDReeE9f4nV4F6tS"
    },
    "node_modules/semver": {
      "version": "6.3.1",
      "resolved": "https://registry.npmjs.org/semver/-/semver-6.3.1.tgz",
      "integrity": "sha512-bN7CIjEbhgDReeE9f4nV4F6tS"
    },
    "node_modules/shebang-command": {
      "version": "2.0.0",
      "resolved": "https://registry.npmjs.org/shebang-command/-/shebang-command-2.0.0.tgz",
      "integrity": "sha512-bN7CIjEbhgDReeE9f4nV4F6tS"
    },
    "node_modules/shebang-regex": {
      "version": "3.0.0",
      "resolved": "https://registry.npmjs.org/shebang-regex/-/shebang-regex-3.0.0.tgz",
      "integrity": "sha512-bN7CIjEbhgDReeE9f4nV4F6tS"
    },
    "node_modules/signal-exit": {
      "version": "4.1.0",
      "resolved": "https://registry.npmjs.org/signal-exit/-/signal-exit-4.1.0.tgz",
      "integrity": "sha512-bN7CIjEbhgDReeE9f4nV4F6tS"
    },
    "node_modules/source-map-js": {
      "version": "1.2.1",
      "resolved": "https://registry.npmjs.org/source-map-js/-/source-map-js-1.2.1.tgz",
      "integrity": "sha512-bN7CIjEbhgDReeE9f4nV4F6tS"
    },
    "node_modules/string-width": {
      "version": "5.1.2",
      "resolved": "https://registry.npmjs.org/string-width/-/string-width-5.1.2.tgz",
      "integrity": "sha512-bN7CIjEbhgDReeE9f4nV4F6tS"
    },
    "node_modules/strip-ansi": {
      "version": "7.1.0",
      "resolved": "https://registry.npmjs.org/strip-ansi/-/strip-ansi-7.1.0.tgz",
      "integrity": "sha512-bN7CIjEbhgDReeE9f4nV4F6tS"
    },
    "node_modules/sucrase": {
      "version": "3.35.0",
      "resolved": "https://registry.npmjs.org/sucrase/-/sucrase-3.35.0.tgz",
      "integrity": "sha512-bN7CIjEbhgDReeE9f4nV4F6tS"
    },
    "node_modules/supports-preserve-symlinks-flag": {
      "version": "1.0.0",
      "resolved": "https://registry.npmjs.org/supports-preserve-symlinks-flag/-/supports-preserve-symlinks-flag-1.0.0.tgz",
      "integrity": "sha512-bN7CIjEbhgDReeE9f4nV4F6tS"
    },
    "node_modules/tailwindcss": {
      "version": "4.2.2",
      "resolved": "https://registry.npmjs.org/tailwindcss/-/tailwindcss-4.2.2.tgz",
      "integrity": "sha512-bN7CIjEbhgDReeE9f4nV4F6tS"
    },
    "node_modules/thenify": {
      "version": "3.3.1",
      "resolved": "https://registry.npmjs.org/thenify/-/thenify-3.3.1.tgz",
      "integrity": "sha512-bN7CIjEbhgDReeE9f4nV4F6tS"
    },
    "node_modules/thenify-all": {
      "version": "1.6.0",
      "resolved": "https://registry.npmjs.org/thenify-all/-/thenify-all-1.6.0.tgz",
      "integrity": "sha512-bN7CIjEbhgDReeE9f4nV4F6tS"
    },
    "node_modules/tinyglobby": {
      "version": "0.2.14",
      "resolved": "https://registry.npmjs.org/tinyglobby/-/tinyglobby-0.2.14.tgz",
      "integrity": "sha512-bN7CIjEbhgDReeE9f4nV4F6tS"
    },
    "node_modules/to-regex-range": {
      "version": "5.0.1",
      "resolved": "https://registry.npmjs.org/to-regex-range/-/to-regex-range-5.0.1.tgz",
      "integrity": "sha512-bN7CIjEbhgDReeE9f4nV4F6tS"
    },
    "node_modules/ts-interface-checker": {
      "version": "0.1.13",
      "resolved": "https://registry.npmjs.org/ts-interface-checker/-/ts-interface-checker-0.1.13.tgz",
      "integrity": "sha512-bN7CIjEbhgDReeE9f4nV4F6tS"
    },
    "node_modules/turbo": {
      "version": "2.4.4",
      "resolved": "https://registry.npmjs.org/turbo/-/turbo-2.4.4.tgz",
      "integrity": "sha512-bN7CIjEbhgDReeE9f4nV4F6tS"
    },
    "node_modules/typescript": {
      "version": "5.8.2",
      "resolved": "https://registry.npmjs.org/typescript/-/typescript-5.8.2.tgz",
      "integrity": "sha512-bN7CIjEbhgDReeE9f4nV4F6tS"
    },
    "node_modules/update-browserslist-db": {
      "version": "1.1.2",
      "resolved": "https://registry.npmjs.org/update-browserslist-db/-/update-browserslist-db-1.1.2.tgz",
      "integrity": "sha512-bN7CIjEbhgDReeE9f4nV4F6tS"
    },
    "node_modules/util-deprecate": {
      "version": "1.0.2",
      "resolved": "https://registry.npmjs.org/util-deprecate/-/util-deprecate-1.0.2.tgz",
      "integrity": "sha512-bN7CIjEbhgDReeE9f4nV4F6tS"
    },
    "node_modules/vite": {
      "version": "6.2.0",
      "resolved": "https://registry.npmjs.org/vite/-/vite-6.2.0.tgz",
      "integrity": "sha512-bN7CIjEbhgDReeE9f4nV4F6tS"
    },
    "node_modules/web-streams-polyfill": {
      "version": "3.3.3",
      "resolved": "https://registry.npmjs.org/web-streams-polyfill/-/web-streams-polyfill-3.3.3.tgz",
      "integrity": "sha512-bN7CIjEbhgDReeE9f4nV4F6tS"
    },
    "node_modules/which": {
      "version": "2.0.2",
      "resolved": "https://registry.npmjs.org/which/-/which-2.0.2.tgz",
      "integrity": "sha512-bN7CIjEbhgDReeE9f4nV4F6tS"
    },
    "node_modules/wrap-ansi": {
      "version": "8.1.0",
      "resolved": "https://registry.npmjs.org/wrap-ansi/-/wrap-ansi-8.1.0.tgz",
      "integrity": "sha512-bN7CIjEbhgDReeE9f4nV4F6tS"
    },
    "node_modules/wrap-ansi-cjs": {
      "name": "wrap-ansi",
      "version": "7.0.0",
      "resolved": "https://registry.npmjs.org/wrap-ansi/-/wrap-ansi-7.0.0.tgz",
      "integrity": "sha512-bN7CIjEbhgDReeE9f4nV4F6tS"
    },
    "node_modules/wrap-ansi-cjs/node_modules/ansi-regex": {
      "version": "5.0.1",
      "resolved": "https://registry.npmjs.org/ansi-regex/-/ansi-regex-5.0.1.tgz",
      "integrity": "sha512-bN7CIjEbhgDReeE9f4nV4F6tS"
    },
    "node_modules/wrap-ansi-cjs/node_modules/ansi-styles": {
      "version": "4.3.0",
      "resolved": "https://registry.npmjs.org/ansi-styles/-/ansi-styles-4.3.0.tgz",
      "integrity": "sha512-bN7CIjEbhgDReeE9f4nV4F6tS"
    },
    "node_modules/wrap-ansi-cjs/node_modules/emoji-regex": {
      "version": "8.0.0",
      "resolved": "https://registry.npmjs.org/emoji-regex/-/emoji-regex-8.0.0.tgz",
      "integrity": "sha512-bN7CIjEbhgDReeE9f4nV4F6tS"
    },
    "node_modules/wrap-ansi-cjs/node_modules/string-width": {
      "version": "4.2.3",
      "resolved": "https://registry.npmjs.org/string-width/-/string-width-4.2.3.tgz",
      "integrity": "sha512-bN7CIjEbhgDReeE9f4nV4F6tS"
    },
    "node_modules/wrap-ansi-cjs/node_modules/strip-ansi": {
      "version": "6.0.1",
      "resolved": "https://registry.npmjs.org/strip-ansi/-/strip-ansi-6.0.1.tgz",
      "integrity": "sha512-bN7CIjEbhgDReeE9f4nV4F6tS"
    },
    "node_modules/ws": {
      "version": "8.19.0",
      "resolved": "https://registry.npmjs.org/ws/-/ws-8.19.0.tgz",
      "integrity": "sha512-bN7CIjEbhgDReeE9f4nV4F6tS"
    },
    "node_modules/yallist": {
      "version": "3.1.1",
      "resolved": "https://registry.npmjs.org/yallist/-/yallist-3.1.1.tgz",
      "integrity": "sha512-bN7CIjEbhgDReeE9f4nV4F6tS"
    }
  }
}
